
Microsoft Visual Studio Solution File, Format Version 12.00
# Visual Studio Version 16
VisualStudioVersion = 16.0.31005.135
MinimumVisualStudioVersion = 10.0.40219.1
Project("{FAE04EC0-301F-11D3-BF4B-00C04F79EFBC}") = "WebApplication1", "WebApplication1\WebApplication1.csproj", "{4CBEA499-381D-40B9-B845-722CCF24B011}"
EndProject
Global
	GlobalSection(SolutionConfigurationPlatforms) = preSolution
		Debug|Any CPU = Debug|Any CPU
		Release|Any CPU = Release|Any CPU
	EndGlobalSection
	GlobalSection(ProjectConfigurationPlatforms) = postSolution
		{4CBEA499-381D-40B9-B845-722CCF24B011}.Debug|Any CPU.ActiveCfg = Debug|Any CPU
		{4CBEA499-381D-40B9-B845-722CCF24B011}.Debug|Any CPU.Build.0 = Debug|Any CPU
		{4CBEA499-381D-40B9-B845-722CCF24B011}.Release|Any CPU.ActiveCfg = Release|Any CPU
		{4CBEA499-381D-40B9-B845-722CCF24B011}.Release|Any CPU.Build.0 = Release|Any CPU
	EndGlobalSection
	GlobalSection(SolutionProperties) = preSolution
		HideSolutionNode = FALSE
	EndGlobalSection
	GlobalSection(ExtensibilityGlobals) = postSolution
		SolutionGuid = {66E34506-4496-4CAD-874F-6B154E2E7AB5}
	EndGlobalSection
EndGlobal
